# This file was autogenerated by Stack.
# You should not edit this file by hand.
# For more information, please see the documentation at:
#   https://docs.haskellstack.org/en/stable/lock_files

packages:
- completed:
    hackage: directory-1.3.7.0@sha256:4d59f9714700e69d139084b47204fc91f13f31546aac39d666279996192b0d11,2940
    pantry-tree:
      size: 3433
      sha256: 88b74942886e886b22ac1f3f0f65168563df4848766f372aaf014f712d3abb9a
  original:
    hackage: directory-1.3.7.0@sha256:4d59f9714700e69d139084b47204fc91f13f31546aac39d666279996192b0d11,2940
- completed:
    hackage: time-1.12.1@sha256:af1fafc1fb66e3d0afb66fb5ab8629f74c038bebd42c234b581aff7abc201089,6295
    pantry-tree:
      size: 7208
      sha256: 96205222b57c39156ee646d710a4100a119dc28f211c57cacaf741f6c1bb35da
  original:
    hackage: time-1.12.1@sha256:af1fafc1fb66e3d0afb66fb5ab8629f74c038bebd42c234b581aff7abc201089,6295
- completed:
    hackage: unix-2.7.2.2@sha256:15f5365c5995634e45de1772b9504761504a310184e676bc2ef60a14536dbef9,3496
    pantry-tree:
      size: 3536
      sha256: 36434ced74d679622d61b69e8d92e1bd632d9ef3e284c63094653b2e473b0553
  original:
    hackage: unix-2.7.2.2
snapshots:
- completed:
    size: 587126
    url: https://raw.githubusercontent.com/commercialhaskell/stackage-snapshots/master/lts/18/8.yaml
    sha256: 93a107557e8691ed5ca17beaee41e68222b142c48868fc8c04a4181fb233477d
  original: lts-18.8
